
Microsoft Visual Studio Solution File, Format Version 12.00
# Visual Studio 2015
Project("{FAE04EC0-301F-11D3-BF4B-00C04F79EFBC}") = "Playground.CSharp.Plugins", "Playground.CSharp.Plugins.csproj", "{9C1A99D3-0F0A-6030-DA11-304A8476168C}"
EndProject
Project("{FAE04EC0-301F-11D3-BF4B-00C04F79EFBC}") = "Playground.CSharp", "Playground.CSharp.csproj", "{B32ED4D6-C2D5-DC8B-BC17-710506C1E802}"
EndProject
Project("{FAE04EC0-301F-11D3-BF4B-00C04F79EFBC}") = "Playground.CSharp.Editor", "Playground.CSharp.Editor.csproj", "{D9976078-7954-5945-AA8A-211AC55080D3}"
EndProject
Global
	GlobalSection(SolutionConfigurationPlatforms) = preSolution
		Debug|Any CPU = Debug|Any CPU
		Release|Any CPU = Release|Any CPU
	EndGlobalSection
	GlobalSection(ProjectConfigurationPlatforms) = postSolution
		{9C1A99D3-0F0A-6030-DA11-304A8476168C}.Debug|Any CPU.ActiveCfg = Debug|Any CPU
		{9C1A99D3-0F0A-6030-DA11-304A8476168C}.Debug|Any CPU.Build.0 = Debug|Any CPU
		{9C1A99D3-0F0A-6030-DA11-304A8476168C}.Release|Any CPU.ActiveCfg = Release|Any CPU
		{9C1A99D3-0F0A-6030-DA11-304A8476168C}.Release|Any CPU.Build.0 = Release|Any CPU
		{B32ED4D6-C2D5-DC8B-BC17-710506C1E802}.Debug|Any CPU.ActiveCfg = Debug|Any CPU
		{B32ED4D6-C2D5-DC8B-BC17-710506C1E802}.Debug|Any CPU.Build.0 = Debug|Any CPU
		{B32ED4D6-C2D5-DC8B-BC17-710506C1E802}.Release|Any CPU.ActiveCfg = Release|Any CPU
		{B32ED4D6-C2D5-DC8B-BC17-710506C1E802}.Release|Any CPU.Build.0 = Release|Any CPU
		{D9976078-7954-5945-AA8A-211AC55080D3}.Debug|Any CPU.ActiveCfg = Debug|Any CPU
		{D9976078-7954-5945-AA8A-211AC55080D3}.Debug|Any CPU.Build.0 = Debug|Any CPU
		{D9976078-7954-5945-AA8A-211AC55080D3}.Release|Any CPU.ActiveCfg = Release|Any CPU
		{D9976078-7954-5945-AA8A-211AC55080D3}.Release|Any CPU.Build.0 = Release|Any CPU
	EndGlobalSection
	GlobalSection(SolutionProperties) = preSolution
		HideSolutionNode = FALSE
	EndGlobalSection
EndGlobal
